
Microsoft Visual Studio Solution File, Format Version 12.00
# Visual Studio Version 17
VisualStudioVersion = 17.4.33205.214
MinimumVisualStudioVersion = 10.0.40219.1
Project("{FAE04EC0-301F-11D3-BF4B-00C04F79EFBC}") = "주문자WebApp", "주문자WebApp\주문자WebApp.csproj", "{D8E78726-9BC1-4E16-BFE9-7CE537DD5E0A}"
EndProject
Project("{9A19103F-16F7-4668-BE54-9A1E7A4F7556}") = "주문Common", "..\FullFillmentService\FullFillMentSoulution\OrderCommon\주문Common.csproj", "{5F51883B-91D6-4657-97B3-AFBE76CBFDFD}"
EndProject
Project("{9A19103F-16F7-4668-BE54-9A1E7A4F7556}") = "IdentityServerSample", "..\FullFillmentService\FullFillMentSoulution\IdentityServerSample\IdentityServerSample.csproj", "{0A561B50-F398-44F6-9618-E441F983D70F}"
EndProject
Global
	GlobalSection(SolutionConfigurationPlatforms) = preSolution
		Debug|Any CPU = Debug|Any CPU
		Release|Any CPU = Release|Any CPU
	EndGlobalSection
	GlobalSection(ProjectConfigurationPlatforms) = postSolution
		{D8E78726-9BC1-4E16-BFE9-7CE537DD5E0A}.Debug|Any CPU.ActiveCfg = Debug|Any CPU
		{D8E78726-9BC1-4E16-BFE9-7CE537DD5E0A}.Debug|Any CPU.Build.0 = Debug|Any CPU
		{D8E78726-9BC1-4E16-BFE9-7CE537DD5E0A}.Release|Any CPU.ActiveCfg = Release|Any CPU
		{D8E78726-9BC1-4E16-BFE9-7CE537DD5E0A}.Release|Any CPU.Build.0 = Release|Any CPU
		{5F51883B-91D6-4657-97B3-AFBE76CBFDFD}.Debug|Any CPU.ActiveCfg = Debug|Any CPU
		{5F51883B-91D6-4657-97B3-AFBE76CBFDFD}.Debug|Any CPU.Build.0 = Debug|Any CPU
		{5F51883B-91D6-4657-97B3-AFBE76CBFDFD}.Release|Any CPU.ActiveCfg = Release|Any CPU
		{5F51883B-91D6-4657-97B3-AFBE76CBFDFD}.Release|Any CPU.Build.0 = Release|Any CPU
		{0A561B50-F398-44F6-9618-E441F983D70F}.Debug|Any CPU.ActiveCfg = Debug|Any CPU
		{0A561B50-F398-44F6-9618-E441F983D70F}.Debug|Any CPU.Build.0 = Debug|Any CPU
		{0A561B50-F398-44F6-9618-E441F983D70F}.Release|Any CPU.ActiveCfg = Release|Any CPU
		{0A561B50-F398-44F6-9618-E441F983D70F}.Release|Any CPU.Build.0 = Release|Any CPU
	EndGlobalSection
	GlobalSection(SolutionProperties) = preSolution
		HideSolutionNode = FALSE
	EndGlobalSection
	GlobalSection(ExtensibilityGlobals) = postSolution
		SolutionGuid = {5365C0DA-7379-4975-99BD-4E193D599BE9}
	EndGlobalSection
EndGlobal
