
Microsoft Visual Studio Solution File, Format Version 12.00
# Visual Studio Version 17
VisualStudioVersion = 17.4.33205.214
MinimumVisualStudioVersion = 10.0.40219.1
Project("{9A19103F-16F7-4668-BE54-9A1E7A4F7556}") = "주문자WebApp", "주문자WebApp\주문자WebApp.csproj", "{D8E78726-9BC1-4E16-BFE9-7CE537DD5E0A}"
EndProject
Project("{9A19103F-16F7-4668-BE54-9A1E7A4F7556}") = "주문Common", "..\..\FullFillmentService\FullFillMentSoulution\OrderCommon\주문Common.csproj", "{DBC62E52-2666-4877-AA12-B75D974CAE73}"
EndProject
Project("{9A19103F-16F7-4668-BE54-9A1E7A4F7556}") = "주문Server", "..\..\FullFillmentService\FullFillMentSoulution\OrderServer\주문Server.csproj", "{D54D2F0C-EBAD-48F2-9DEB-D4CD457A3DF2}"
EndProject
Project("{9A19103F-16F7-4668-BE54-9A1E7A4F7556}") = "창고Server", "..\..\FullFillmentService\FullFillMentSoulution\WarehouseServer\창고Server.csproj", "{D7DEB57F-7681-48F7-884A-AD5453BAFCA4}"
EndProject
Project("{9A19103F-16F7-4668-BE54-9A1E7A4F7556}") = "계정Common", "..\..\FullFillmentService\FullFillMentSoulution\IdentityCommon\계정Common.csproj", "{4E8FEA8F-6EF3-4527-8986-9343E2605DA9}"
EndProject
Project("{9A19103F-16F7-4668-BE54-9A1E7A4F7556}") = "IdentityServerSample", "..\..\FullFillmentService\FullFillMentSoulution\IdentityServerSample\IdentityServerSample.csproj", "{B3FFDE6D-2B4D-43F1-85D6-EC3EE00EC318}"
EndProject
Project("{9A19103F-16F7-4668-BE54-9A1E7A4F7556}") = "주문FrontCommon", "..\..\FullFillmentService\FullFillMentSoulution\주문FrontCommon\주문FrontCommon.csproj", "{18E2B847-34E7-4143-9B0B-B33A9268C61F}"
EndProject
Global
	GlobalSection(SolutionConfigurationPlatforms) = preSolution
		Debug|Any CPU = Debug|Any CPU
		Release|Any CPU = Release|Any CPU
	EndGlobalSection
	GlobalSection(ProjectConfigurationPlatforms) = postSolution
		{D8E78726-9BC1-4E16-BFE9-7CE537DD5E0A}.Debug|Any CPU.ActiveCfg = Debug|Any CPU
		{D8E78726-9BC1-4E16-BFE9-7CE537DD5E0A}.Debug|Any CPU.Build.0 = Debug|Any CPU
		{D8E78726-9BC1-4E16-BFE9-7CE537DD5E0A}.Release|Any CPU.ActiveCfg = Release|Any CPU
		{D8E78726-9BC1-4E16-BFE9-7CE537DD5E0A}.Release|Any CPU.Build.0 = Release|Any CPU
		{DBC62E52-2666-4877-AA12-B75D974CAE73}.Debug|Any CPU.ActiveCfg = Debug|Any CPU
		{DBC62E52-2666-4877-AA12-B75D974CAE73}.Debug|Any CPU.Build.0 = Debug|Any CPU
		{DBC62E52-2666-4877-AA12-B75D974CAE73}.Release|Any CPU.ActiveCfg = Release|Any CPU
		{DBC62E52-2666-4877-AA12-B75D974CAE73}.Release|Any CPU.Build.0 = Release|Any CPU
		{D54D2F0C-EBAD-48F2-9DEB-D4CD457A3DF2}.Debug|Any CPU.ActiveCfg = Debug|Any CPU
		{D54D2F0C-EBAD-48F2-9DEB-D4CD457A3DF2}.Debug|Any CPU.Build.0 = Debug|Any CPU
		{D54D2F0C-EBAD-48F2-9DEB-D4CD457A3DF2}.Release|Any CPU.ActiveCfg = Release|Any CPU
		{D54D2F0C-EBAD-48F2-9DEB-D4CD457A3DF2}.Release|Any CPU.Build.0 = Release|Any CPU
		{D7DEB57F-7681-48F7-884A-AD5453BAFCA4}.Debug|Any CPU.ActiveCfg = Debug|Any CPU
		{D7DEB57F-7681-48F7-884A-AD5453BAFCA4}.Debug|Any CPU.Build.0 = Debug|Any CPU
		{D7DEB57F-7681-48F7-884A-AD5453BAFCA4}.Release|Any CPU.ActiveCfg = Release|Any CPU
		{D7DEB57F-7681-48F7-884A-AD5453BAFCA4}.Release|Any CPU.Build.0 = Release|Any CPU
		{4E8FEA8F-6EF3-4527-8986-9343E2605DA9}.Debug|Any CPU.ActiveCfg = Debug|Any CPU
		{4E8FEA8F-6EF3-4527-8986-9343E2605DA9}.Debug|Any CPU.Build.0 = Debug|Any CPU
		{4E8FEA8F-6EF3-4527-8986-9343E2605DA9}.Release|Any CPU.ActiveCfg = Release|Any CPU
		{4E8FEA8F-6EF3-4527-8986-9343E2605DA9}.Release|Any CPU.Build.0 = Release|Any CPU
		{B3FFDE6D-2B4D-43F1-85D6-EC3EE00EC318}.Debug|Any CPU.ActiveCfg = Debug|Any CPU
		{B3FFDE6D-2B4D-43F1-85D6-EC3EE00EC318}.Debug|Any CPU.Build.0 = Debug|Any CPU
		{B3FFDE6D-2B4D-43F1-85D6-EC3EE00EC318}.Release|Any CPU.ActiveCfg = Release|Any CPU
		{B3FFDE6D-2B4D-43F1-85D6-EC3EE00EC318}.Release|Any CPU.Build.0 = Release|Any CPU
		{18E2B847-34E7-4143-9B0B-B33A9268C61F}.Debug|Any CPU.ActiveCfg = Debug|Any CPU
		{18E2B847-34E7-4143-9B0B-B33A9268C61F}.Debug|Any CPU.Build.0 = Debug|Any CPU
		{18E2B847-34E7-4143-9B0B-B33A9268C61F}.Release|Any CPU.ActiveCfg = Release|Any CPU
		{18E2B847-34E7-4143-9B0B-B33A9268C61F}.Release|Any CPU.Build.0 = Release|Any CPU
	EndGlobalSection
	GlobalSection(SolutionProperties) = preSolution
		HideSolutionNode = FALSE
	EndGlobalSection
	GlobalSection(ExtensibilityGlobals) = postSolution
		SolutionGuid = {5365C0DA-7379-4975-99BD-4E193D599BE9}
	EndGlobalSection
EndGlobal
